
Microsoft Visual Studio Solution File, Format Version 12.00
# Visual Studio Version 16
VisualStudioVersion = 16.0.29728.190
MinimumVisualStudioVersion = 10.0.40219.1
Project("{FAE04EC0-301F-11D3-BF4B-00C04F79EFBC}") = "std", "std\std.csproj", "{A477CF35-3183-489B-81BA-22811009A151}"
EndProject
Global
	GlobalSection(SolutionConfigurationPlatforms) = preSolution
		Debug|Any CPU = Debug|Any CPU
		Release|Any CPU = Release|Any CPU
	EndGlobalSection
	GlobalSection(ProjectConfigurationPlatforms) = postSolution
		{A477CF35-3183-489B-81BA-22811009A151}.Debug|Any CPU.ActiveCfg = Debug|Any CPU
		{A477CF35-3183-489B-81BA-22811009A151}.Debug|Any CPU.Build.0 = Debug|Any CPU
		{A477CF35-3183-489B-81BA-22811009A151}.Release|Any CPU.ActiveCfg = Release|Any CPU
		{A477CF35-3183-489B-81BA-22811009A151}.Release|Any CPU.Build.0 = Release|Any CPU
	EndGlobalSection
	GlobalSection(SolutionProperties) = preSolution
		HideSolutionNode = FALSE
	EndGlobalSection
	GlobalSection(ExtensibilityGlobals) = postSolution
		SolutionGuid = {7F04B823-64BE-4E37-A9C4-83006A5A0B88}
	EndGlobalSection
EndGlobal
